
Microsoft Visual Studio Solution File, Format Version 12.00
# Visual Studio Version 17
VisualStudioVersion = 17.5.33530.505
MinimumVisualStudioVersion = 10.0.40219.1
Project("{2150E333-8FDC-42A3-9474-1A3956D46DE8}") = "1- C#-Advance", "1- C#-Advance", "{C9169246-9253-4CED-A94A-64B261407C42}"
EndProject
Project("{2150E333-8FDC-42A3-9474-1A3956D46DE8}") = "2- EntityFrameWork", "2- EntityFrameWork", "{1FD3D40A-DB76-477D-BCFA-3C423E07FCD4}"
EndProject
Project("{2150E333-8FDC-42A3-9474-1A3956D46DE8}") = "3- Asp.NET Core", "3- Asp.NET Core", "{C029726E-FD92-493C-AC39-13A0C34F43CB}"
EndProject
Project("{2150E333-8FDC-42A3-9474-1A3956D46DE8}") = "StateManagment", "StateManagment", "{146A8BDB-B8DE-4DDC-B60B-15E8F45A60B0}"
EndProject
Project("{FAE04EC0-301F-11D3-BF4B-00C04F79EFBC}") = "Statemanagment.cookie", "Statemanagment.cookie\Statemanagment.cookie.csproj", "{2A857F51-EE37-44E5-806A-54C407ED59E7}"
EndProject
Global
	GlobalSection(SolutionConfigurationPlatforms) = preSolution
		Debug|Any CPU = Debug|Any CPU
		Release|Any CPU = Release|Any CPU
	EndGlobalSection
	GlobalSection(ProjectConfigurationPlatforms) = postSolution
		{2A857F51-EE37-44E5-806A-54C407ED59E7}.Debug|Any CPU.ActiveCfg = Debug|Any CPU
		{2A857F51-EE37-44E5-806A-54C407ED59E7}.Debug|Any CPU.Build.0 = Debug|Any CPU
		{2A857F51-EE37-44E5-806A-54C407ED59E7}.Release|Any CPU.ActiveCfg = Release|Any CPU
		{2A857F51-EE37-44E5-806A-54C407ED59E7}.Release|Any CPU.Build.0 = Release|Any CPU
	EndGlobalSection
	GlobalSection(SolutionProperties) = preSolution
		HideSolutionNode = FALSE
	EndGlobalSection
	GlobalSection(NestedProjects) = preSolution
		{146A8BDB-B8DE-4DDC-B60B-15E8F45A60B0} = {C029726E-FD92-493C-AC39-13A0C34F43CB}
		{2A857F51-EE37-44E5-806A-54C407ED59E7} = {146A8BDB-B8DE-4DDC-B60B-15E8F45A60B0}
	EndGlobalSection
	GlobalSection(ExtensibilityGlobals) = postSolution
		SolutionGuid = {6ED1DFE0-84A6-4DE0-ABE8-A56E985B75A1}
	EndGlobalSection
EndGlobal
