
Microsoft Visual Studio Solution File, Format Version 12.00
# Visual Studio Version 17
VisualStudioVersion = 17.5.33530.505
MinimumVisualStudioVersion = 10.0.40219.1
Project("{2150E333-8FDC-42A3-9474-1A3956D46DE8}") = "1- C#-Advance", "1- C#-Advance", "{C9169246-9253-4CED-A94A-64B261407C42}"
EndProject
Project("{2150E333-8FDC-42A3-9474-1A3956D46DE8}") = "2- EntityFrameWork", "2- EntityFrameWork", "{1FD3D40A-DB76-477D-BCFA-3C423E07FCD4}"
EndProject
Project("{2150E333-8FDC-42A3-9474-1A3956D46DE8}") = "3- Asp.NET Core", "3- Asp.NET Core", "{C029726E-FD92-493C-AC39-13A0C34F43CB}"
EndProject
Project("{2150E333-8FDC-42A3-9474-1A3956D46DE8}") = "StateManagment", "StateManagment", "{146A8BDB-B8DE-4DDC-B60B-15E8F45A60B0}"
EndProject
Project("{9A19103F-16F7-4668-BE54-9A1E7A4F7556}") = "Statemanagment.cookie", "Statemanagment.cookie\Statemanagment.cookie.csproj", "{2A857F51-EE37-44E5-806A-54C407ED59E7}"
EndProject
Project("{2150E333-8FDC-42A3-9474-1A3956D46DE8}") = "Beginning", "Beginning", "{9405CA3A-6AED-42E3-AC75-C0555E5D72D1}"
EndProject
Project("{9A19103F-16F7-4668-BE54-9A1E7A4F7556}") = "Beginning.MiddleWareAndRouting", "Beginning.MiddleWare\Beginning.MiddleWareAndRouting.csproj", "{6A745CB7-6D54-403D-BDB4-E59CF095E53A}"
EndProject
Project("{2150E333-8FDC-42A3-9474-1A3956D46DE8}") = "Dependency Injection", "Dependency Injection", "{53471E46-E644-40EB-B821-EA5895787FFE}"
EndProject
Project("{9A19103F-16F7-4668-BE54-9A1E7A4F7556}") = "DependencyInjection", "DependencyInjection\DependencyInjection.csproj", "{D7C7CB84-9DD4-4246-AC0D-01A3D41B69DE}"
EndProject
Project("{2150E333-8FDC-42A3-9474-1A3956D46DE8}") = "Loging", "Loging", "{874F1DFF-8612-469B-B641-D84EF6889AE3}"
EndProject
Project("{9A19103F-16F7-4668-BE54-9A1E7A4F7556}") = "NikAmozBooklet.LogingSystem", "NikAmozBooklet.LogingSystem\NikAmozBooklet.LogingSystem.csproj", "{B136992D-B8EE-4D0B-821E-7EAACD9F9886}"
EndProject
Project("{2150E333-8FDC-42A3-9474-1A3956D46DE8}") = "Configuration", "Configuration", "{935727A3-2048-486C-A9B8-E1986B2B1B0B}"
EndProject
Project("{9A19103F-16F7-4668-BE54-9A1E7A4F7556}") = "NikAmozBooklet.configuration", "NikAmozBooklet.configuration\NikAmozBooklet.configuration.csproj", "{8972B24B-1425-4629-891C-CBBE331A09D6}"
EndProject
Project("{2150E333-8FDC-42A3-9474-1A3956D46DE8}") = "Razor", "Razor", "{DE063FEB-7907-4F31-93CD-093AC331B174}"
EndProject
Project("{9A19103F-16F7-4668-BE54-9A1E7A4F7556}") = "NikAmozBooklet.Razor", "NikAmozBooklet.Razor\NikAmozBooklet.Razor.csproj", "{CCE72F9A-250B-43F2-9EAF-383B865EE578}"
EndProject
Project("{2150E333-8FDC-42A3-9474-1A3956D46DE8}") = "ViewComponent", "ViewComponent", "{B2D600FB-D9A8-4835-AC58-15158598931E}"
EndProject
Project("{9A19103F-16F7-4668-BE54-9A1E7A4F7556}") = "NikAmozBookletViewComponent", "NikAmozBooklet.ViewComponent\NikAmozBookletViewComponent.csproj", "{3834E60E-F473-4ECE-9461-21977EAC14E8}"
EndProject
Project("{2150E333-8FDC-42A3-9474-1A3956D46DE8}") = "TagHelper", "TagHelper", "{63C1002F-AF13-4DF8-92A0-6C5DC8E78302}"
EndProject
Project("{9A19103F-16F7-4668-BE54-9A1E7A4F7556}") = "NikAmozBooklet.TagHelpers", "NikAmozBooklet.TagHelper\NikAmozBooklet.TagHelpers.csproj", "{3780CBA3-B68B-4D2D-A0CA-1A1ED7D23DB4}"
EndProject
Project("{2150E333-8FDC-42A3-9474-1A3956D46DE8}") = "ModelBinding", "ModelBinding", "{FB5809ED-971F-4E93-8EFF-60C0609ADEDE}"
EndProject
Project("{9A19103F-16F7-4668-BE54-9A1E7A4F7556}") = "NikAmozBooklet.ModelBinding", "NikAmozBooklet.ModelBinding\NikAmozBooklet.ModelBinding.csproj", "{59C20E68-2EF7-4334-9832-44B0E935161E}"
EndProject
Project("{2150E333-8FDC-42A3-9474-1A3956D46DE8}") = "ModelValidation", "ModelValidation", "{E6A0951A-0F41-4508-80C9-D8F2F412779F}"
EndProject
Project("{9A19103F-16F7-4668-BE54-9A1E7A4F7556}") = "NikAmozBooklet.ModelValidation", "NikAmozBooklet.ModelValidation\NikAmozBooklet.ModelValidation.csproj", "{1509752B-4882-43A3-A5F3-CEA727D991BB}"
EndProject
Project("{2150E333-8FDC-42A3-9474-1A3956D46DE8}") = "Filter", "Filter", "{386A91A3-BA44-4080-8184-6BB80514BF37}"
EndProject
Project("{9A19103F-16F7-4668-BE54-9A1E7A4F7556}") = "NikAmozBooklet.Filter", "NikAmozBooklet.Filter\NikAmozBooklet.Filter.csproj", "{349182F7-8EFD-40D8-BB31-C5FFAEB2621B}"
EndProject
Project("{2150E333-8FDC-42A3-9474-1A3956D46DE8}") = "AAA", "AAA", "{5C37C28C-8413-42A6-A283-9AACBE7B4926}"
EndProject
Project("{FAE04EC0-301F-11D3-BF4B-00C04F79EFBC}") = "NikAmozBooklet.AAA", "NikAmozBooklet.AAA\NikAmozBooklet.AAA.csproj", "{BC5BAB41-A8B6-4F39-BB6F-3A28E00B07C3}"
EndProject
Global
	GlobalSection(SolutionConfigurationPlatforms) = preSolution
		Debug|Any CPU = Debug|Any CPU
		Release|Any CPU = Release|Any CPU
	EndGlobalSection
	GlobalSection(ProjectConfigurationPlatforms) = postSolution
		{2A857F51-EE37-44E5-806A-54C407ED59E7}.Debug|Any CPU.ActiveCfg = Debug|Any CPU
		{2A857F51-EE37-44E5-806A-54C407ED59E7}.Release|Any CPU.ActiveCfg = Release|Any CPU
		{2A857F51-EE37-44E5-806A-54C407ED59E7}.Release|Any CPU.Build.0 = Release|Any CPU
		{6A745CB7-6D54-403D-BDB4-E59CF095E53A}.Debug|Any CPU.ActiveCfg = Debug|Any CPU
		{6A745CB7-6D54-403D-BDB4-E59CF095E53A}.Release|Any CPU.ActiveCfg = Release|Any CPU
		{6A745CB7-6D54-403D-BDB4-E59CF095E53A}.Release|Any CPU.Build.0 = Release|Any CPU
		{D7C7CB84-9DD4-4246-AC0D-01A3D41B69DE}.Debug|Any CPU.ActiveCfg = Debug|Any CPU
		{D7C7CB84-9DD4-4246-AC0D-01A3D41B69DE}.Release|Any CPU.ActiveCfg = Release|Any CPU
		{D7C7CB84-9DD4-4246-AC0D-01A3D41B69DE}.Release|Any CPU.Build.0 = Release|Any CPU
		{B136992D-B8EE-4D0B-821E-7EAACD9F9886}.Debug|Any CPU.ActiveCfg = Debug|Any CPU
		{B136992D-B8EE-4D0B-821E-7EAACD9F9886}.Release|Any CPU.ActiveCfg = Release|Any CPU
		{B136992D-B8EE-4D0B-821E-7EAACD9F9886}.Release|Any CPU.Build.0 = Release|Any CPU
		{8972B24B-1425-4629-891C-CBBE331A09D6}.Debug|Any CPU.ActiveCfg = Debug|Any CPU
		{8972B24B-1425-4629-891C-CBBE331A09D6}.Release|Any CPU.ActiveCfg = Release|Any CPU
		{8972B24B-1425-4629-891C-CBBE331A09D6}.Release|Any CPU.Build.0 = Release|Any CPU
		{CCE72F9A-250B-43F2-9EAF-383B865EE578}.Debug|Any CPU.ActiveCfg = Debug|Any CPU
		{CCE72F9A-250B-43F2-9EAF-383B865EE578}.Release|Any CPU.ActiveCfg = Release|Any CPU
		{CCE72F9A-250B-43F2-9EAF-383B865EE578}.Release|Any CPU.Build.0 = Release|Any CPU
		{3834E60E-F473-4ECE-9461-21977EAC14E8}.Debug|Any CPU.ActiveCfg = Debug|Any CPU
		{3834E60E-F473-4ECE-9461-21977EAC14E8}.Release|Any CPU.ActiveCfg = Release|Any CPU
		{3834E60E-F473-4ECE-9461-21977EAC14E8}.Release|Any CPU.Build.0 = Release|Any CPU
		{3780CBA3-B68B-4D2D-A0CA-1A1ED7D23DB4}.Debug|Any CPU.ActiveCfg = Debug|Any CPU
		{3780CBA3-B68B-4D2D-A0CA-1A1ED7D23DB4}.Release|Any CPU.ActiveCfg = Release|Any CPU
		{3780CBA3-B68B-4D2D-A0CA-1A1ED7D23DB4}.Release|Any CPU.Build.0 = Release|Any CPU
		{59C20E68-2EF7-4334-9832-44B0E935161E}.Debug|Any CPU.ActiveCfg = Debug|Any CPU
		{59C20E68-2EF7-4334-9832-44B0E935161E}.Release|Any CPU.ActiveCfg = Release|Any CPU
		{59C20E68-2EF7-4334-9832-44B0E935161E}.Release|Any CPU.Build.0 = Release|Any CPU
		{1509752B-4882-43A3-A5F3-CEA727D991BB}.Debug|Any CPU.ActiveCfg = Debug|Any CPU
		{1509752B-4882-43A3-A5F3-CEA727D991BB}.Release|Any CPU.ActiveCfg = Release|Any CPU
		{1509752B-4882-43A3-A5F3-CEA727D991BB}.Release|Any CPU.Build.0 = Release|Any CPU
		{349182F7-8EFD-40D8-BB31-C5FFAEB2621B}.Debug|Any CPU.ActiveCfg = Debug|Any CPU
		{349182F7-8EFD-40D8-BB31-C5FFAEB2621B}.Release|Any CPU.ActiveCfg = Release|Any CPU
		{349182F7-8EFD-40D8-BB31-C5FFAEB2621B}.Release|Any CPU.Build.0 = Release|Any CPU
		{BC5BAB41-A8B6-4F39-BB6F-3A28E00B07C3}.Debug|Any CPU.ActiveCfg = Debug|Any CPU
		{BC5BAB41-A8B6-4F39-BB6F-3A28E00B07C3}.Debug|Any CPU.Build.0 = Debug|Any CPU
		{BC5BAB41-A8B6-4F39-BB6F-3A28E00B07C3}.Release|Any CPU.ActiveCfg = Release|Any CPU
		{BC5BAB41-A8B6-4F39-BB6F-3A28E00B07C3}.Release|Any CPU.Build.0 = Release|Any CPU
	EndGlobalSection
	GlobalSection(SolutionProperties) = preSolution
		HideSolutionNode = FALSE
	EndGlobalSection
	GlobalSection(NestedProjects) = preSolution
		{146A8BDB-B8DE-4DDC-B60B-15E8F45A60B0} = {C029726E-FD92-493C-AC39-13A0C34F43CB}
		{2A857F51-EE37-44E5-806A-54C407ED59E7} = {146A8BDB-B8DE-4DDC-B60B-15E8F45A60B0}
		{9405CA3A-6AED-42E3-AC75-C0555E5D72D1} = {C029726E-FD92-493C-AC39-13A0C34F43CB}
		{6A745CB7-6D54-403D-BDB4-E59CF095E53A} = {9405CA3A-6AED-42E3-AC75-C0555E5D72D1}
		{53471E46-E644-40EB-B821-EA5895787FFE} = {C029726E-FD92-493C-AC39-13A0C34F43CB}
		{D7C7CB84-9DD4-4246-AC0D-01A3D41B69DE} = {53471E46-E644-40EB-B821-EA5895787FFE}
		{874F1DFF-8612-469B-B641-D84EF6889AE3} = {C029726E-FD92-493C-AC39-13A0C34F43CB}
		{B136992D-B8EE-4D0B-821E-7EAACD9F9886} = {874F1DFF-8612-469B-B641-D84EF6889AE3}
		{935727A3-2048-486C-A9B8-E1986B2B1B0B} = {C029726E-FD92-493C-AC39-13A0C34F43CB}
		{8972B24B-1425-4629-891C-CBBE331A09D6} = {935727A3-2048-486C-A9B8-E1986B2B1B0B}
		{DE063FEB-7907-4F31-93CD-093AC331B174} = {C029726E-FD92-493C-AC39-13A0C34F43CB}
		{CCE72F9A-250B-43F2-9EAF-383B865EE578} = {DE063FEB-7907-4F31-93CD-093AC331B174}
		{B2D600FB-D9A8-4835-AC58-15158598931E} = {C029726E-FD92-493C-AC39-13A0C34F43CB}
		{3834E60E-F473-4ECE-9461-21977EAC14E8} = {B2D600FB-D9A8-4835-AC58-15158598931E}
		{63C1002F-AF13-4DF8-92A0-6C5DC8E78302} = {C029726E-FD92-493C-AC39-13A0C34F43CB}
		{3780CBA3-B68B-4D2D-A0CA-1A1ED7D23DB4} = {63C1002F-AF13-4DF8-92A0-6C5DC8E78302}
		{FB5809ED-971F-4E93-8EFF-60C0609ADEDE} = {C029726E-FD92-493C-AC39-13A0C34F43CB}
		{59C20E68-2EF7-4334-9832-44B0E935161E} = {FB5809ED-971F-4E93-8EFF-60C0609ADEDE}
		{E6A0951A-0F41-4508-80C9-D8F2F412779F} = {C029726E-FD92-493C-AC39-13A0C34F43CB}
		{1509752B-4882-43A3-A5F3-CEA727D991BB} = {E6A0951A-0F41-4508-80C9-D8F2F412779F}
		{386A91A3-BA44-4080-8184-6BB80514BF37} = {C029726E-FD92-493C-AC39-13A0C34F43CB}
		{349182F7-8EFD-40D8-BB31-C5FFAEB2621B} = {386A91A3-BA44-4080-8184-6BB80514BF37}
		{5C37C28C-8413-42A6-A283-9AACBE7B4926} = {C029726E-FD92-493C-AC39-13A0C34F43CB}
		{BC5BAB41-A8B6-4F39-BB6F-3A28E00B07C3} = {5C37C28C-8413-42A6-A283-9AACBE7B4926}
	EndGlobalSection
	GlobalSection(ExtensibilityGlobals) = postSolution
		SolutionGuid = {6ED1DFE0-84A6-4DE0-ABE8-A56E985B75A1}
	EndGlobalSection
EndGlobal
